{
  "name": "m.jianjie8.com",
  "version": "1.0.0",
  "lockfileVersion": 1,
  "requires": true,
  "dependencies": {
    "vue-swiper-component": {
      "version": "2.1.2",
      "resolved": "http://registry.npm.taobao.org/vue-swiper-component/download/vue-swiper-component-2.1.2.tgz",
      "integrity": "sha1-H4Ll2OlSZxt58r9OBXLgI5nBwVs="
    }
  }
}
